# THIS IS AN AUTOGENERATED FILE. DO NOT EDIT THIS FILE DIRECTLY.
# yarn lockfile v1


datalize-multi-language@^1.0.3:
  version "1.0.3"
  resolved "https://registry.npmjs.org/datalize-multi-language/-/datalize-multi-language-1.0.3.tgz#6a29a05783f6b2c6c9767f404c579a65b30425d5"
  integrity sha512-++elNNFD+1++cwCzAbbaFzbysrU5sFOSyAK+sO+Xf7Ul7nHB9SPNggYqQO96l5Z8m2zX8ogQAY63aIkmBdKZRA==
  dependencies:
    lodash "^4.17.15"

lodash@^4.17.15:
  version "4.17.15"
  resolved "https://registry.npmjs.org/lodash/-/lodash-4.17.15.tgz#b447f6670a0455bbfeedd11392eff330ea097548"
  integrity sha512-8xOcRHvCjnocdS5cpwXQXVzmmh5e5+saE2QGoeQmbKmRS6J3VQppPOIt0MnmE+4xlZoumy0GPG0D0MVIQbNA1A==

uuid@^3.3.3:
  version "3.3.3"
  resolved "https://registry.npmjs.org/uuid/-/uuid-3.3.3.tgz#4568f0216e78760ee1dbf3a4d2cf53e224112866"
  integrity sha512-pW0No1RGHgzlpHJO1nsVrHKpOEIxkGg1xB+v0ZmdNH5OAeAwzAVrCnI2/6Mtx+Uys6iaylxa+D3g4j63IKKjSQ==
